PODS:
  - Masonry (1.1.0)
  - SVProgressHUD (2.2.5)

DEPENDENCIES:
  - Masonry
  - SVProgressHUD

SPEC REPOS:
  trunk:
    - Masonry
    - SVProgressHUD

SPEC CHECKSUMS:
  Masonry: 678fab65091a9290e40e2832a55e7ab731aad201
  SVProgressHUD: 1428aafac632c1f86f62aa4243ec12008d7a51d6

PODFILE CHECKSUM: 175102b9f1d0eb21b0cec6457fa8ee931b6ac3fb

COCOAPODS: 1.9.1
